# Generated by buf. DO NOT EDIT.
version: v1
deps:
  - remote: buf.build
    owner: googleapis
    repository: googleapis
    branch: main
    commit: 04ad98c82478417784639b43e71c6b4c
    digest: b1-8nhYmpcJRqI1lyfXpbPH_nQjQfzgGoVHXq_gA7E4mjg=
    create_time: 2021-09-07T16:08:38.569839Z
  - remote: buf.build
    owner: grpc-ecosystem
    repository: grpc-gateway
    branch: main
    commit: de24a84aed3d4d84806740946b55d947
    digest: b1-Q-mEW3P3NR5UL8gm0pr3YWFSo5DAtrBqqgvkwH2WFWw=
    create_time: 2021-09-08T00:32:28.231758Z
